
Microsoft Visual Studio Solution File, Format Version 12.00
# Visual Studio Version 16
VisualStudioVersion = 16.0.31019.35
MinimumVisualStudioVersion = 10.0.40219.1
Project("{8BC9CEB8-8B4A-11D0-8D11-00A0C91BC942}") = "Names and surname - 1", "Names and surname - 1\Names and surname - 1.vcxproj", "{108BDCD0-A8FE-4FB4-9BA3-205E8F71E6FF}"
EndProject
Global
	GlobalSection(SolutionConfigurationPlatforms) = preSolution
		Debug|x64 = Debug|x64
		Debug|x86 = Debug|x86
		Release|x64 = Release|x64
		Release|x86 = Release|x86
	EndGlobalSection
	GlobalSection(ProjectConfigurationPlatforms) = postSolution
		{108BDCD0-A8FE-4FB4-9BA3-205E8F71E6FF}.Debug|x64.ActiveCfg = Debug|x64
		{108BDCD0-A8FE-4FB4-9BA3-205E8F71E6FF}.Debug|x64.Build.0 = Debug|x64
		{108BDCD0-A8FE-4FB4-9BA3-205E8F71E6FF}.Debug|x86.ActiveCfg = Debug|Win32
		{108BDCD0-A8FE-4FB4-9BA3-205E8F71E6FF}.Debug|x86.Build.0 = Debug|Win32
		{108BDCD0-A8FE-4FB4-9BA3-205E8F71E6FF}.Release|x64.ActiveCfg = Release|x64
		{108BDCD0-A8FE-4FB4-9BA3-205E8F71E6FF}.Release|x64.Build.0 = Release|x64
		{108BDCD0-A8FE-4FB4-9BA3-205E8F71E6FF}.Release|x86.ActiveCfg = Release|Win32
		{108BDCD0-A8FE-4FB4-9BA3-205E8F71E6FF}.Release|x86.Build.0 = Release|Win32
	EndGlobalSection
	GlobalSection(SolutionProperties) = preSolution
		HideSolutionNode = FALSE
	EndGlobalSection
	GlobalSection(ExtensibilityGlobals) = postSolution
		SolutionGuid = {96ACACEE-717B-4A25-8E66-A5F035FE2705}
	EndGlobalSection
EndGlobal
