
Microsoft Visual Studio Solution File, Format Version 12.00
# Visual Studio Version 16
VisualStudioVersion = 16.0.30907.101
MinimumVisualStudioVersion = 10.0.40219.1
Project("{8BC9CEB8-8B4A-11D0-8D11-00A0C91BC942}") = "Quadratic equation", "Quadratic equation\Quadratic equation.vcxproj", "{060FD828-FAD5-443F-A77E-F99C76B263F8}"
EndProject
Global
	GlobalSection(SolutionConfigurationPlatforms) = preSolution
		Debug|x64 = Debug|x64
		Debug|x86 = Debug|x86
		Release|x64 = Release|x64
		Release|x86 = Release|x86
	EndGlobalSection
	GlobalSection(ProjectConfigurationPlatforms) = postSolution
		{060FD828-FAD5-443F-A77E-F99C76B263F8}.Debug|x64.ActiveCfg = Debug|x64
		{060FD828-FAD5-443F-A77E-F99C76B263F8}.Debug|x64.Build.0 = Debug|x64
		{060FD828-FAD5-443F-A77E-F99C76B263F8}.Debug|x86.ActiveCfg = Debug|Win32
		{060FD828-FAD5-443F-A77E-F99C76B263F8}.Debug|x86.Build.0 = Debug|Win32
		{060FD828-FAD5-443F-A77E-F99C76B263F8}.Release|x64.ActiveCfg = Release|x64
		{060FD828-FAD5-443F-A77E-F99C76B263F8}.Release|x64.Build.0 = Release|x64
		{060FD828-FAD5-443F-A77E-F99C76B263F8}.Release|x86.ActiveCfg = Release|Win32
		{060FD828-FAD5-443F-A77E-F99C76B263F8}.Release|x86.Build.0 = Release|Win32
	EndGlobalSection
	GlobalSection(SolutionProperties) = preSolution
		HideSolutionNode = FALSE
	EndGlobalSection
	GlobalSection(ExtensibilityGlobals) = postSolution
		SolutionGuid = {CC5B1C97-F0AF-41F5-BAAD-828E0C005EA6}
	EndGlobalSection
EndGlobal
